
Microsoft Visual Studio Solution File, Format Version 12.00
Project("{2150E333-8FDC-42A3-9474-1A3956D46DE8}") = "Identity", "Identity", "{264F2836-5C94-4921-940C-FDEC28DA7695}"
EndProject
Project("{2150E333-8FDC-42A3-9474-1A3956D46DE8}") = "Identity.Cloud", "Identity.Cloud", "{BF86DB83-5DCC-4DAC-AD7C-B7891491ADDA}"
EndProject
Project("{FAE04EC0-301F-11D3-BF4B-00C04F79EFBC}") = "Identity.Cloud.AAD", "Identity.Cloud.AAD\Identity.Cloud.AAD.csproj", "{E0CE6517-023B-4F98-B72D-D702E2C7BBCE}"
EndProject
Project("{2150E333-8FDC-42A3-9474-1A3956D46DE8}") = "Identity Local", "Identity Local", "{B9689DBF-C4E4-44DB-9E1A-1CAC904A6A6F}"
EndProject
Project("{FAE04EC0-301F-11D3-BF4B-00C04F79EFBC}") = "Identity.Local.Schemes.Jwt", "Identity.Local.Schemes.Jwt\Identity.Local.Schemes.Jwt.csproj", "{996C80DE-3F81-4FA5-B3E7-505DF4D43C24}"
EndProject
Project("{2150E333-8FDC-42A3-9474-1A3956D46DE8}") = "Storages", "Storages", "{01EC8639-E38A-4002-B269-A665709C89B2}"
EndProject
Project("{2150E333-8FDC-42A3-9474-1A3956D46DE8}") = "Schemes", "Schemes", "{CF62FBBA-550C-43A8-8C31-E8DF192C6E00}"
EndProject
Project("{2150E333-8FDC-42A3-9474-1A3956D46DE8}") = "Infrastructure", "Infrastructure", "{AE34D7AB-D995-47B7-A321-1040DC7950F1}"
EndProject
Project("{FAE04EC0-301F-11D3-BF4B-00C04F79EFBC}") = "Identity.Local.Infrastructure.Domain", "Identity.Local.Infrastructure.Domain\Identity.Local.Infrastructure.Domain.csproj", "{18E7B39F-3BC8-4363-9931-C83025144325}"
EndProject
Project("{FAE04EC0-301F-11D3-BF4B-00C04F79EFBC}") = "Identity.Local.Infrastructure.Application", "Identity.Local.Infrastructure.Application\Identity.Local.Infrastructure.Application.csproj", "{926B75F2-2B38-461C-B749-4D892923E752}"
EndProject
Project("{FAE04EC0-301F-11D3-BF4B-00C04F79EFBC}") = "Identity.Local.Infrastructure.Persistence", "Identity.Local.Infrastructure.Persistence\Identity.Local.Infrastructure.Persistence.csproj", "{10A37411-AA77-4568-A1BE-0BAE5101F5F6}"
EndProject
Project("{FAE04EC0-301F-11D3-BF4B-00C04F79EFBC}") = "Identity.Local.Infrastructure.Infrastructure", "Identity.Local.Infrastructure.Infrastructure\Identity.Local.Infrastructure.Infrastructure.csproj", "{1DD0C013-034F-444C-A5FE-7F3CF8456B52}"
EndProject
Project("{FAE04EC0-301F-11D3-BF4B-00C04F79EFBC}") = "Identity.Local.Infrastructure.Api", "Identity.Local.Infrastructure.Api\Identity.Local.Infrastructure.Api.csproj", "{347AFA9D-EED4-48A2-AB95-A356FCF4B69B}"
EndProject
Global
	GlobalSection(SolutionConfigurationPlatforms) = preSolution
		Debug|Any CPU = Debug|Any CPU
		Release|Any CPU = Release|Any CPU
	EndGlobalSection
	GlobalSection(NestedProjects) = preSolution
		{BF86DB83-5DCC-4DAC-AD7C-B7891491ADDA} = {264F2836-5C94-4921-940C-FDEC28DA7695}
		{E0CE6517-023B-4F98-B72D-D702E2C7BBCE} = {BF86DB83-5DCC-4DAC-AD7C-B7891491ADDA}
		{B9689DBF-C4E4-44DB-9E1A-1CAC904A6A6F} = {264F2836-5C94-4921-940C-FDEC28DA7695}
		{01EC8639-E38A-4002-B269-A665709C89B2} = {B9689DBF-C4E4-44DB-9E1A-1CAC904A6A6F}
		{CF62FBBA-550C-43A8-8C31-E8DF192C6E00} = {B9689DBF-C4E4-44DB-9E1A-1CAC904A6A6F}
		{996C80DE-3F81-4FA5-B3E7-505DF4D43C24} = {CF62FBBA-550C-43A8-8C31-E8DF192C6E00}
		{AE34D7AB-D995-47B7-A321-1040DC7950F1} = {B9689DBF-C4E4-44DB-9E1A-1CAC904A6A6F}
		{18E7B39F-3BC8-4363-9931-C83025144325} = {AE34D7AB-D995-47B7-A321-1040DC7950F1}
		{926B75F2-2B38-461C-B749-4D892923E752} = {AE34D7AB-D995-47B7-A321-1040DC7950F1}
		{10A37411-AA77-4568-A1BE-0BAE5101F5F6} = {AE34D7AB-D995-47B7-A321-1040DC7950F1}
		{1DD0C013-034F-444C-A5FE-7F3CF8456B52} = {AE34D7AB-D995-47B7-A321-1040DC7950F1}
		{347AFA9D-EED4-48A2-AB95-A356FCF4B69B} = {AE34D7AB-D995-47B7-A321-1040DC7950F1}
	EndGlobalSection
	GlobalSection(ProjectConfigurationPlatforms) = postSolution
		{E0CE6517-023B-4F98-B72D-D702E2C7BBCE}.Debug|Any CPU.ActiveCfg = Debug|Any CPU
		{E0CE6517-023B-4F98-B72D-D702E2C7BBCE}.Debug|Any CPU.Build.0 = Debug|Any CPU
		{E0CE6517-023B-4F98-B72D-D702E2C7BBCE}.Release|Any CPU.ActiveCfg = Release|Any CPU
		{E0CE6517-023B-4F98-B72D-D702E2C7BBCE}.Release|Any CPU.Build.0 = Release|Any CPU
		{996C80DE-3F81-4FA5-B3E7-505DF4D43C24}.Debug|Any CPU.ActiveCfg = Debug|Any CPU
		{996C80DE-3F81-4FA5-B3E7-505DF4D43C24}.Debug|Any CPU.Build.0 = Debug|Any CPU
		{996C80DE-3F81-4FA5-B3E7-505DF4D43C24}.Release|Any CPU.ActiveCfg = Release|Any CPU
		{996C80DE-3F81-4FA5-B3E7-505DF4D43C24}.Release|Any CPU.Build.0 = Release|Any CPU
		{18E7B39F-3BC8-4363-9931-C83025144325}.Debug|Any CPU.ActiveCfg = Debug|Any CPU
		{18E7B39F-3BC8-4363-9931-C83025144325}.Debug|Any CPU.Build.0 = Debug|Any CPU
		{18E7B39F-3BC8-4363-9931-C83025144325}.Release|Any CPU.ActiveCfg = Release|Any CPU
		{18E7B39F-3BC8-4363-9931-C83025144325}.Release|Any CPU.Build.0 = Release|Any CPU
		{926B75F2-2B38-461C-B749-4D892923E752}.Debug|Any CPU.ActiveCfg = Debug|Any CPU
		{926B75F2-2B38-461C-B749-4D892923E752}.Debug|Any CPU.Build.0 = Debug|Any CPU
		{926B75F2-2B38-461C-B749-4D892923E752}.Release|Any CPU.ActiveCfg = Release|Any CPU
		{926B75F2-2B38-461C-B749-4D892923E752}.Release|Any CPU.Build.0 = Release|Any CPU
		{10A37411-AA77-4568-A1BE-0BAE5101F5F6}.Debug|Any CPU.ActiveCfg = Debug|Any CPU
		{10A37411-AA77-4568-A1BE-0BAE5101F5F6}.Debug|Any CPU.Build.0 = Debug|Any CPU
		{10A37411-AA77-4568-A1BE-0BAE5101F5F6}.Release|Any CPU.ActiveCfg = Release|Any CPU
		{10A37411-AA77-4568-A1BE-0BAE5101F5F6}.Release|Any CPU.Build.0 = Release|Any CPU
		{1DD0C013-034F-444C-A5FE-7F3CF8456B52}.Debug|Any CPU.ActiveCfg = Debug|Any CPU
		{1DD0C013-034F-444C-A5FE-7F3CF8456B52}.Debug|Any CPU.Build.0 = Debug|Any CPU
		{1DD0C013-034F-444C-A5FE-7F3CF8456B52}.Release|Any CPU.ActiveCfg = Release|Any CPU
		{1DD0C013-034F-444C-A5FE-7F3CF8456B52}.Release|Any CPU.Build.0 = Release|Any CPU
		{347AFA9D-EED4-48A2-AB95-A356FCF4B69B}.Debug|Any CPU.ActiveCfg = Debug|Any CPU
		{347AFA9D-EED4-48A2-AB95-A356FCF4B69B}.Debug|Any CPU.Build.0 = Debug|Any CPU
		{347AFA9D-EED4-48A2-AB95-A356FCF4B69B}.Release|Any CPU.ActiveCfg = Release|Any CPU
		{347AFA9D-EED4-48A2-AB95-A356FCF4B69B}.Release|Any CPU.Build.0 = Release|Any CPU
	EndGlobalSection
EndGlobal
